
Microsoft Visual Studio Solution File, Format Version 12.00
# Visual Studio 15
VisualStudioVersion = 15.0.27703.2035
MinimumVisualStudioVersion = 10.0.40219.1
Project("{FAE04EC0-301F-11D3-BF4B-00C04F79EFBC}") = "Demo", "Demo\Demo.csproj", "{CEF7D3CC-D42F-461B-895E-11DC9D23F5B6}"
EndProject
Global
	GlobalSection(SolutionConfigurationPlatforms) = preSolution
		Debug|Any CPU = Debug|Any CPU
		Release|Any CPU = Release|Any CPU
	EndGlobalSection
	GlobalSection(ProjectConfigurationPlatforms) = postSolution
		{CEF7D3CC-D42F-461B-895E-11DC9D23F5B6}.Debug|Any CPU.ActiveCfg = Debug|Any CPU
		{CEF7D3CC-D42F-461B-895E-11DC9D23F5B6}.Debug|Any CPU.Build.0 = Debug|Any CPU
		{CEF7D3CC-D42F-461B-895E-11DC9D23F5B6}.Release|Any CPU.ActiveCfg = Release|Any CPU
		{CEF7D3CC-D42F-461B-895E-11DC9D23F5B6}.Release|Any CPU.Build.0 = Release|Any CPU
	EndGlobalSection
	GlobalSection(SolutionProperties) = preSolution
		HideSolutionNode = FALSE
	EndGlobalSection
	GlobalSection(ExtensibilityGlobals) = postSolution
		SolutionGuid = {86632B0C-8A80-49EC-AE02-A0B9C2BCEB0A}
	EndGlobalSection
EndGlobal
